
Microsoft Visual Studio Solution File, Format Version 12.00
# Visual Studio 15
VisualStudioVersion = 15.0.28307.1433
MinimumVisualStudioVersion = 10.0.40219.1
Project("{FAE04EC0-301F-11D3-BF4B-00C04F79EFBC}") = "ConsoleApp5", "ConsoleApp5\ConsoleApp5.csproj", "{08444A61-D378-459B-97D4-0F9A446B43F0}"
EndProject
Global
	GlobalSection(SolutionConfigurationPlatforms) = preSolution
		Debug|Any CPU = Debug|Any CPU
		Release|Any CPU = Release|Any CPU
	EndGlobalSection
	GlobalSection(ProjectConfigurationPlatforms) = postSolution
		{08444A61-D378-459B-97D4-0F9A446B43F0}.Debug|Any CPU.ActiveCfg = Debug|Any CPU
		{08444A61-D378-459B-97D4-0F9A446B43F0}.Debug|Any CPU.Build.0 = Debug|Any CPU
		{08444A61-D378-459B-97D4-0F9A446B43F0}.Release|Any CPU.ActiveCfg = Release|Any CPU
		{08444A61-D378-459B-97D4-0F9A446B43F0}.Release|Any CPU.Build.0 = Release|Any CPU
	EndGlobalSection
	GlobalSection(SolutionProperties) = preSolution
		HideSolutionNode = FALSE
	EndGlobalSection
	GlobalSection(ExtensibilityGlobals) = postSolution
		SolutionGuid = {7F6FA694-47C5-4A91-BB39-6EF7919D6D23}
	EndGlobalSection
EndGlobal
